// !$*UTF8*$!
{
	archiveVersion = 1;
	classes = {
	};
	objectVersion = 55;
	objects = {

/* Begin PBXBuildFile section */
		199A4E6F18CE629345C066E6 /* Pods_BasithMachineTest.framework in Frameworks */ = {isa = PBXBuildFile; fileRef = 1ACC7CB8DCF2E7C6C5CC4600 /* Pods_BasithMachineTest.framework */; };
		72288D9B28ADF8D200ECBE3C /* AppDelegate.swift in Sources */ = {isa = PBXBuildFile; fileRef = 72288D9A28ADF8D200ECBE3C /* AppDelegate.swift */; };
		72288D9D28ADF8D200ECBE3C /* SceneDelegate.swift in Sources */ = {isa = PBXBuildFile; fileRef = 72288D9C28ADF8D200ECBE3C /* SceneDelegate.swift */; };
		72288D9F28ADF8D200ECBE3C /* SearchViewController.swift in Sources */ = {isa = PBXBuildFile; fileRef = 72288D9E28ADF8D200ECBE3C /* SearchViewController.swift */; };
		72288DA228ADF8D200ECBE3C /* Main.storyboard in Resources */ = {isa = PBXBuildFile; fileRef = 72288DA028ADF8D200ECBE3C /* Main.storyboard */; };
		72288DA528ADF8D200ECBE3C /* BasithMachineTest.xcdatamodeld in Sources */ = {isa = PBXBuildFile; fileRef = 72288DA328ADF8D200ECBE3C /* BasithMachineTest.xcdatamodeld */; };
		72288DA728ADF8D400ECBE3C /* Assets.xcassets in Resources */ = {isa = PBXBuildFile; fileRef = 72288DA628ADF8D400ECBE3C /* Assets.xcassets */; };
		72288DAA28ADF8D400ECBE3C /* LaunchScreen.storyboard in Resources */ = {isa = PBXBuildFile; fileRef = 72288DA828ADF8D400ECBE3C /* LaunchScreen.storyboard */; };
		72288DB628ADF9BE00ECBE3C /* EmployeeModel.swift in Sources */ = {isa = PBXBuildFile; fileRef = 72288DB528ADF9BE00ECBE3C /* EmployeeModel.swift */; };
		72288DB828ADFA0E00ECBE3C /* EmployeeDetailController.swift in Sources */ = {isa = PBXBuildFile; fileRef = 72288DB728ADFA0E00ECBE3C /* EmployeeDetailController.swift */; };
		72288DBA28ADFB5C00ECBE3C /* ServiceConnection.swift in Sources */ = {isa = PBXBuildFile; fileRef = 72288DB928ADFB5C00ECBE3C /* ServiceConnection.swift */; };
/* End PBXBuildFile section */

/* Begin PBXFileReference section */
		1ACC7CB8DCF2E7C6C5CC4600 /* Pods_BasithMachineTest.framework */ = {isa = PBXFileReference; explicitFileType = wrapper.framework; includeInIndex = 0; path = Pods_BasithMachineTest.framework; sourceTree = BUILT_PRODUCTS_DIR; };
		72288D9728ADF8D200ECBE3C /* BasithMachineTest.app */ = {isa = PBXFileReference; explicitFileType = wrapper.application; includeInIndex = 0; path = BasithMachineTest.app; sourceTree = BUILT_PRODUCTS_DIR; };
		72288D9A28ADF8D200ECBE3C /* AppDelegate.swift */ = {isa = PBXFileReference; lastKnownFileType = sourcecode.swift; path = AppDelegate.swift; sourceTree = "<group>"; };
		72288D9C28ADF8D200ECBE3C /* SceneDelegate.swift */ = {isa = PBXFileReference; lastKnownFileType = sourcecode.swift; path = SceneDelegate.swift; sourceTree = "<group>"; };
		72288D9E28ADF8D200ECBE3C /* SearchViewController.swift */ = {isa = PBXFileReference; lastKnownFileType = sourcecode.swift; path = SearchViewController.swift; sourceTree = "<group>"; };
		72288DA128ADF8D200ECBE3C /* Base */ = {isa = PBXFileReference; lastKnownFileType = file.storyboard; name = Base; path = Base.lproj/Main.storyboard; sourceTree = "<group>"; };
		72288DA428ADF8D200ECBE3C /* BasithMachineTest.xcdatamodel */ = {isa = PBXFileReference; lastKnownFileType = wrapper.xcdatamodel; path = BasithMachineTest.xcdatamodel; sourceTree = "<group>"; };
		72288DA628ADF8D400ECBE3C /* Assets.xcassets */ = {isa = PBXFileReference; lastKnownFileType = folder.assetcatalog; path = Assets.xcassets; sourceTree = "<group>"; };
		72288DA928ADF8D400ECBE3C /* Base */ = {isa = PBXFileReference; lastKnownFileType = file.storyboard; name = Base; path = Base.lproj/LaunchScreen.storyboard; sourceTree = "<group>"; };
		72288DAB28ADF8D400ECBE3C /* Info.plist */ = {isa = PBXFileReference; lastKnownFileType = text.plist.xml; path = Info.plist; sourceTree = "<group>"; };
		72288DB528ADF9BE00ECBE3C /* EmployeeModel.swift */ = {isa = PBXFileReference; lastKnownFileType = sourcecode.swift; path = EmployeeModel.swift; sourceTree = "<group>"; };
		72288DB728ADFA0E00ECBE3C /* EmployeeDetailController.swift */ = {isa = PBXFileReference; lastKnownFileType = sourcecode.swift; path = EmployeeDetailController.swift; sourceTree = "<group>"; };
		72288DB928ADFB5C00ECBE3C /* ServiceConnection.swift */ = {isa = PBXFileReference; lastKnownFileType = sourcecode.swift; path = ServiceConnection.swift; sourceTree = "<group>"; };
		D01E7FDEA75A995CBF6C4464 /* Pods-BasithMachineTest.debug.xcconfig */ = {isa = PBXFileReference; includeInIndex = 1; lastKnownFileType = text.xcconfig; name = "Pods-BasithMachineTest.debug.xcconfig"; path = "Target Support Files/Pods-BasithMachineTest/Pods-BasithMachineTest.debug.xcconfig"; sourceTree = "<group>"; };
		E3AD4E045760733D872BFA55 /* Pods-BasithMachineTest.release.xcconfig */ = {isa = PBXFileReference; includeInIndex = 1; lastKnownFileType = text.xcconfig; name = "Pods-BasithMachineTest.release.xcconfig"; path = "Target Support Files/Pods-BasithMachineTest/Pods-BasithMachineTest.release.xcconfig"; sourceTree = "<group>"; };
/* End PBXFileReference section */

/* Begin PBXFrameworksBuildPhase section */
		72288D9428ADF8D200ECBE3C /* Frameworks */ = {
			isa = PBXFrameworksBuildPhase;
			buildActionMask = 2147483647;
			files = (
				199A4E6F18CE629345C066E6 /* Pods_BasithMachineTest.framework in Frameworks */,
			);
			runOnlyForDeploymentPostprocessing = 0;
		};
/* End PBXFrameworksBuildPhase section */

/* Begin PBXGroup section */
		0A1EE1D93AC4908B27C0B37F /* Frameworks */ = {
			isa = PBXGroup;
			children = (
				1ACC7CB8DCF2E7C6C5CC4600 /* Pods_BasithMachineTest.framework */,
			);
			name = Frameworks;
			sourceTree = "<group>";
		};
		72288D8E28ADF8D200ECBE3C = {
			isa = PBXGroup;
			children = (
				72288D9928ADF8D200ECBE3C /* BasithMachineTest */,
				72288D9828ADF8D200ECBE3C /* Products */,
				895FEC34F1CC8EC8EC687A8C /* Pods */,
				0A1EE1D93AC4908B27C0B37F /* Frameworks */,
			);
			sourceTree = "<group>";
		};
		72288D9828ADF8D200ECBE3C /* Products */ = {
			isa = PBXGroup;
			children = (
				72288D9728ADF8D200ECBE3C /* BasithMachineTest.app */,
			);
			name = Products;
			sourceTree = "<group>";
		};
		72288D9928ADF8D200ECBE3C /* BasithMachineTest */ = {
			isa = PBXGroup;
			children = (
				72288DB328ADF8EF00ECBE3C /* Controllers */,
				72288DB228ADF8E300ECBE3C /* Views */,
				72288DB128ADF8DD00ECBE3C /* Model */,
				72288D9A28ADF8D200ECBE3C /* AppDelegate.swift */,
				72288DB928ADFB5C00ECBE3C /* ServiceConnection.swift */,
				72288D9C28ADF8D200ECBE3C /* SceneDelegate.swift */,
				72288DA628ADF8D400ECBE3C /* Assets.xcassets */,
				72288DAB28ADF8D400ECBE3C /* Info.plist */,
			);
			path = BasithMachineTest;
			sourceTree = "<group>";
		};
		72288DB128ADF8DD00ECBE3C /* Model */ = {
			isa = PBXGroup;
			children = (
				72288DB428ADF95F00ECBE3C /* Coredata */,
				72288DB528ADF9BE00ECBE3C /* EmployeeModel.swift */,
			);
			path = Model;
			sourceTree = "<group>";
		};
		72288DB228ADF8E300ECBE3C /* Views */ = {
			isa = PBXGroup;
			children = (
				72288DA028ADF8D200ECBE3C /* Main.storyboard */,
				72288DA828ADF8D400ECBE3C /* LaunchScreen.storyboard */,
			);
			path = Views;
			sourceTree = "<group>";
		};
		72288DB328ADF8EF00ECBE3C /* Controllers */ = {
			isa = PBXGroup;
			children = (
				72288D9E28ADF8D200ECBE3C /* SearchViewController.swift */,
				72288DB728ADFA0E00ECBE3C /* EmployeeDetailController.swift */,
			);
			path = Controllers;
			sourceTree = "<group>";
		};
		72288DB428ADF95F00ECBE3C /* Coredata */ = {
			isa = PBXGroup;
			children = (
				72288DA328ADF8D200ECBE3C /* BasithMachineTest.xcdatamodeld */,
			);
			path = Coredata;
			sourceTree = "<group>";
		};
		895FEC34F1CC8EC8EC687A8C /* Pods */ = {
			isa = PBXGroup;
			children = (
				D01E7FDEA75A995CBF6C4464 /* Pods-BasithMachineTest.debug.xcconfig */,
				E3AD4E045760733D872BFA55 /* Pods-BasithMachineTest.release.xcconfig */,
			);
			path = Pods;
			sourceTree = "<group>";
		};
/* End PBXGroup section */

/* Begin PBXNativeTarget section */
		72288D9628ADF8D200ECBE3C /* BasithMachineTest */ = {
			isa = PBXNativeTarget;
			buildConfigurationList = 72288DAE28ADF8D400ECBE3C /* Build configuration list for PBXNativeTarget "BasithMachineTest" */;
			buildPhases = (
				50942115F42E119430B0EEDB /* [CP] Check Pods Manifest.lock */,
				72288D9328ADF8D200ECBE3C /* Sources */,
				72288D9428ADF8D200ECBE3C /* Frameworks */,
				72288D9528ADF8D200ECBE3C /* Resources */,
				2A5F13D9F8DA0DE5AD27740D /* [CP] Embed Pods Frameworks */,
			);
			buildRules = (
			);
			dependencies = (
			);
			name = BasithMachineTest;
			productName = BasithMachineTest;
			productReference = 72288D9728ADF8D200ECBE3C /* BasithMachineTest.app */;
			productType = "com.apple.product-type.application";
		};
/* End PBXNativeTarget section */

/* Begin PBXProject section */
		72288D8F28ADF8D200ECBE3C /* Project object */ = {
			isa = PBXProject;
			attributes = {
				BuildIndependentTargetsInParallel = 1;
				LastSwiftUpdateCheck = 1340;
				LastUpgradeCheck = 1340;
				TargetAttributes = {
					72288D9628ADF8D200ECBE3C = {
						CreatedOnToolsVersion = 13.4.1;
					};
				};
			};
			buildConfigurationList = 72288D9228ADF8D200ECBE3C /* Build configuration list for PBXProject "BasithMachineTest" */;
			compatibilityVersion = "Xcode 13.0";
			developmentRegion = en;
			hasScannedForEncodings = 0;
			knownRegions = (
				en,
				Base,
			);
			mainGroup = 72288D8E28ADF8D200ECBE3C;
			productRefGroup = 72288D9828ADF8D200ECBE3C /* Products */;
			projectDirPath = "";
			projectRoot = "";
			targets = (
				72288D9628ADF8D200ECBE3C /* BasithMachineTest */,
			);
		};
/* End PBXProject section */

/* Begin PBXResourcesBuildPhase section */
		72288D9528ADF8D200ECBE3C /* Resources */ = {
			isa = PBXResourcesBuildPhase;
			buildActionMask = 2147483647;
			files = (
				72288DAA28ADF8D400ECBE3C /* LaunchScreen.storyboard in Resources */,
				72288DA728ADF8D400ECBE3C /* Assets.xcassets in Resources */,
				72288DA228ADF8D200ECBE3C /* Main.storyboard in Resources */,
			);
			runOnlyForDeploymentPostprocessing = 0;
		};
/* End PBXResourcesBuildPhase section */

/* Begin PBXShellScriptBuildPhase section */
		2A5F13D9F8DA0DE5AD27740D /* [CP] Embed Pods Frameworks */ = {
			isa = PBXShellScriptBuildPhase;
			buildActionMask = 2147483647;
			files = (
			);
			inputFileListPaths = (
				"${PODS_ROOT}/Target Support Files/Pods-BasithMachineTest/Pods-BasithMachineTest-frameworks-${CONFIGURATION}-input-files.xcfilelist",
			);
			name = "[CP] Embed Pods Frameworks";
			outputFileListPaths = (
				"${PODS_ROOT}/Target Support Files/Pods-BasithMachineTest/Pods-BasithMachineTest-frameworks-${CONFIGURATION}-output-files.xcfilelist",
			);
			runOnlyForDeploymentPostprocessing = 0;
			shellPath = /bin/sh;
			shellScript = "\"${PODS_ROOT}/Target Support Files/Pods-BasithMachineTest/Pods-BasithMachineTest-frameworks.sh\"\n";
			showEnvVarsInLog = 0;
		};
		50942115F42E119430B0EEDB /* [CP] Check Pods Manifest.lock */ = {
			isa = PBXShellScriptBuildPhase;
			buildActionMask = 2147483647;
			files = (
			);
			inputFileListPaths = (
			);
			inputPaths = (
				"${PODS_PODFILE_DIR_PATH}/Podfile.lock",
				"${PODS_ROOT}/Manifest.lock",
			);
			name = "[CP] Check Pods Manifest.lock";
			outputFileListPaths = (
			);
			outputPaths = (
				"$(DERIVED_FILE_DIR)/Pods-BasithMachineTest-checkManifestLockResult.txt",
			);
			runOnlyForDeploymentPostprocessing = 0;
			shellPath = /bin/sh;
			shellScript = "diff \"${PODS_PODFILE_DIR_PATH}/Podfile.lock\" \"${PODS_ROOT}/Manifest.lock\" > /dev/null\nif [ $? != 0 ] ; then\n    # print error to STDERR\n    echo \"error: The sandbox is not in sync with the Podfile.lock. Run 'pod install' or update your CocoaPods installation.\" >&2\n    exit 1\nfi\n# This output is used by Xcode 'outputs' to avoid re-running this script phase.\necho \"SUCCESS\" > \"${SCRIPT_OUTPUT_FILE_0}\"\n";
			showEnvVarsInLog = 0;
		};
/* End PBXShellScriptBuildPhase section */

/* Begin PBXSourcesBuildPhase section */
		72288D9328ADF8D200ECBE3C /* Sources */ = {
			isa = PBXSourcesBuildPhase;
			buildActionMask = 2147483647;
			files = (
				72288D9F28ADF8D200ECBE3C /* SearchViewController.swift in Sources */,
				72288DBA28ADFB5C00ECBE3C /* ServiceConnection.swift in Sources */,
				72288D9B28ADF8D200ECBE3C /* AppDelegate.swift in Sources */,
				72288DB828ADFA0E00ECBE3C /* EmployeeDetailController.swift in Sources */,
				72288DA528ADF8D200ECBE3C /* BasithMachineTest.xcdatamodeld in Sources */,
				72288DB628ADF9BE00ECBE3C /* EmployeeModel.swift in Sources */,
				72288D9D28ADF8D200ECBE3C /* SceneDelegate.swift in Sources */,
			);
			runOnlyForDeploymentPostprocessing = 0;
		};
/* End PBXSourcesBuildPhase section */

/* Begin PBXVariantGroup section */
		72288DA028ADF8D200ECBE3C /* Main.storyboard */ = {
			isa = PBXVariantGroup;
			children = (
				72288DA128ADF8D200ECBE3C /* Base */,
			);
			name = Main.storyboard;
			sourceTree = "<group>";
		};
		72288DA828ADF8D400ECBE3C /* LaunchScreen.storyboard */ = {
			isa = PBXVariantGroup;
			children = (
				72288DA928ADF8D400ECBE3C /* Base */,
			);
			name = LaunchScreen.storyboard;
			sourceTree = "<group>";
		};
/* End PBXVariantGroup section */

/* Begin XCBuildConfiguration section */
		72288DAC28ADF8D400ECBE3C /* Debug */ = {
			isa = XCBuildConfiguration;
			buildSettings = {
				ALWAYS_SEARCH_USER_PATHS = NO;
				CLANG_ANALYZER_NONNULL = YES;
				CLANG_ANALYZER_NUMBER_OBJECT_CONVERSION = YES_AGGRESSIVE;
				CLANG_CXX_LANGUAGE_STANDARD = "gnu++17";
				CLANG_ENABLE_MODULES = YES;
				CLANG_ENABLE_OBJC_ARC = YES;
				CLANG_ENABLE_OBJC_WEAK = YES;
				CLANG_WARN_BLOCK_CAPTURE_AUTORELEASING = YES;
				CLANG_WARN_BOOL_CONVERSION = YES;
				CLANG_WARN_COMMA = YES;
				CLANG_WARN_CONSTANT_CONVERSION = YES;
				CLANG_WARN_DEPRECATED_OBJC_IMPLEMENTATIONS = YES;
				CLANG_WARN_DIRECT_OBJC_ISA_USAGE = YES_ERROR;
				CLANG_WARN_DOCUMENTATION_COMMENTS = YES;
				CLANG_WARN_EMPTY_BODY = YES;
				CLANG_WARN_ENUM_CONVERSION = YES;
				CLANG_WARN_INFINITE_RECURSION = YES;
				CLANG_WARN_INT_CONVERSION = YES;
				CLANG_WARN_NON_LITERAL_NULL_CONVERSION = YES;
				CLANG_WARN_OBJC_IMPLICIT_RETAIN_SELF = YES;
				CLANG_WARN_OBJC_LITERAL_CONVERSION = YES;
				CLANG_WARN_OBJC_ROOT_CLASS = YES_ERROR;
				CLANG_WARN_QUOTED_INCLUDE_IN_FRAMEWORK_HEADER = YES;
				CLANG_WARN_RANGE_LOOP_ANALYSIS = YES;
				CLANG_WARN_STRICT_PROTOTYPES = YES;
				CLANG_WARN_SUSPICIOUS_MOVE = YES;
				CLANG_WARN_UNGUARDED_AVAILABILITY = YES_AGGRESSIVE;
				CLANG_WARN_UNREACHABLE_CODE = YES;
				CLANG_WARN__DUPLICATE_METHOD_MATCH = YES;
				COPY_PHASE_STRIP = NO;
				DEBUG_INFORMATION_FORMAT = dwarf;
				ENABLE_STRICT_OBJC_MSGSEND = YES;
				ENABLE_TESTABILITY = YES;
				GCC_C_LANGUAGE_STANDARD = gnu11;
				GCC_DYNAMIC_NO_PIC = NO;
				GCC_NO_COMMON_BLOCKS = YES;
				GCC_OPTIMIZATION_LEVEL = 0;
				GCC_PREPROCESSOR_DEFINITIONS = (
					"DEBUG=1",
					"$(inherited)",
				);
				GCC_WARN_64_TO_32_BIT_CONVERSION = YES;
				GCC_WARN_ABOUT_RETURN_TYPE = YES_ERROR;
				GCC_WARN_UNDECLARED_SELECTOR = YES;
				GCC_WARN_UNINITIALIZED_AUTOS = YES_AGGRESSIVE;
				GCC_WARN_UNUSED_FUNCTION = YES;
				GCC_WARN_UNUSED_VARIABLE = YES;
				IPHONEOS_DEPLOYMENT_TARGET = 15.5;
				MTL_ENABLE_DEBUG_INFO = INCLUDE_SOURCE;
				MTL_FAST_MATH = YES;
				ONLY_ACTIVE_ARCH = YES;
				SDKROOT = iphoneos;
				SWIFT_ACTIVE_COMPILATION_CONDITIONS = DEBUG;
				SWIFT_OPTIMIZATION_LEVEL = "-Onone";
			};
			name = Debug;
		};
		72288DAD28ADF8D400ECBE3C /* Release */ = {
			isa = XCBuildConfiguration;
			buildSettings = {
				ALWAYS_SEARCH_USER_PATHS = NO;
				CLANG_ANALYZER_NONNULL = YES;
				CLANG_ANALYZER_NUMBER_OBJECT_CONVERSION = YES_AGGRESSIVE;
				CLANG_CXX_LANGUAGE_STANDARD = "gnu++17";
				CLANG_ENABLE_MODULES = YES;
				CLANG_ENABLE_OBJC_ARC = YES;
				CLANG_ENABLE_OBJC_WEAK = YES;
				CLANG_WARN_BLOCK_CAPTURE_AUTORELEASING = YES;
				CLANG_WARN_BOOL_CONVERSION = YES;
				CLANG_WARN_COMMA = YES;
				CLANG_WARN_CONSTANT_CONVERSION = YES;
				CLANG_WARN_DEPRECATED_OBJC_IMPLEMENTATIONS = YES;
				CLANG_WARN_DIRECT_OBJC_ISA_USAGE = YES_ERROR;
				CLANG_WARN_DOCUMENTATION_COMMENTS = YES;
				CLANG_WARN_EMPTY_BODY = YES;
				CLANG_WARN_ENUM_CONVERSION = YES;
				CLANG_WARN_INFINITE_RECURSION = YES;
				CLANG_WARN_INT_CONVERSION = YES;
				CLANG_WARN_NON_LITERAL_NULL_CONVERSION = YES;
				CLANG_WARN_OBJC_IMPLICIT_RETAIN_SELF = YES;
				CLANG_WARN_OBJC_LITERAL_CONVERSION = YES;
				CLANG_WARN_OBJC_ROOT_CLASS = YES_ERROR;
				CLANG_WARN_QUOTED_INCLUDE_IN_FRAMEWORK_HEADER = YES;
				CLANG_WARN_RANGE_LOOP_ANALYSIS = YES;
				CLANG_WARN_STRICT_PROTOTYPES = YES;
				CLANG_WARN_SUSPICIOUS_MOVE = YES;
				CLANG_WARN_UNGUARDED_AVAILABILITY = YES_AGGRESSIVE;
				CLANG_WARN_UNREACHABLE_CODE = YES;
				CLANG_WARN__DUPLICATE_METHOD_MATCH = YES;
				COPY_PHASE_STRIP = NO;
				DEBUG_INFORMATION_FORMAT = "dwarf-with-dsym";
				ENABLE_NS_ASSERTIONS = NO;
				ENABLE_STRICT_OBJC_MSGSEND = YES;
				GCC_C_LANGUAGE_STANDARD = gnu11;
				GCC_NO_COMMON_BLOCKS = YES;
				GCC_WARN_64_TO_32_BIT_CONVERSION = YES;
				GCC_WARN_ABOUT_RETURN_TYPE = YES_ERROR;
				GCC_WARN_UNDECLARED_SELECTOR = YES;
				GCC_WARN_UNINITIALIZED_AUTOS = YES_AGGRESSIVE;
				GCC_WARN_UNUSED_FUNCTION = YES;
				GCC_WARN_UNUSED_VARIABLE = YES;
				IPHONEOS_DEPLOYMENT_TARGET = 15.5;
				MTL_ENABLE_DEBUG_INFO = NO;
				MTL_FAST_MATH = YES;
				SDKROOT = iphoneos;
				SWIFT_COMPILATION_MODE = wholemodule;
				SWIFT_OPTIMIZATION_LEVEL = "-O";
				VALIDATE_PRODUCT = YES;
			};
			name = Release;
		};
		72288DAF28ADF8D400ECBE3C /* Debug */ = {
			isa = XCBuildConfiguration;
			baseConfigurationReference = D01E7FDEA75A995CBF6C4464 /* Pods-BasithMachineTest.debug.xcconfig */;
			buildSettings = {
				ASSETCATALOG_COMPILER_APPICON_NAME = AppIcon;
				ASSETCATALOG_COMPILER_GLOBAL_ACCENT_COLOR_NAME = AccentColor;
				CODE_SIGN_STYLE = Automatic;
				CURRENT_PROJECT_VERSION = 1;
				DEVELOPMENT_TEAM = CLAGU8CG96;
				GENERATE_INFOPLIST_FILE = YES;
				INFOPLIST_FILE = BasithMachineTest/Info.plist;
				INFOPLIST_KEY_UIApplicationSupportsIndirectInputEvents = YES;
				INFOPLIST_KEY_UILaunchStoryboardName = LaunchScreen;
				INFOPLIST_KEY_UIMainStoryboardFile = Main;
				INFOPLIST_KEY_UISupportedInterfaceOrientations_iPad = "UIInterfaceOrientationPortrait UIInterfaceOrientationPortraitUpsideDown UIInterfaceOrientationLandscapeLeft UIInterfaceOrientationLandscapeRight";
				INFOPLIST_KEY_UISupportedInterfaceOrientations_iPhone = "UIInterfaceOrientationPortrait UIInterfaceOrientationLandscapeLeft UIInterfaceOrientationLandscapeRight";
				LD_RUNPATH_SEARCH_PATHS = (
					"$(inherited)",
					"@executable_path/Frameworks",
				);
				MARKETING_VERSION = 1.0;
				PRODUCT_BUNDLE_IDENTIFIER = mab.BasithMachineTest;
				PRODUCT_NAME = "$(TARGET_NAME)";
				SWIFT_EMIT_LOC_STRINGS = YES;
				SWIFT_VERSION = 5.0;
				TARGETED_DEVICE_FAMILY = "1,2";
			};
			name = Debug;
		};
		72288DB028ADF8D400ECBE3C /* Release */ = {
			isa = XCBuildConfiguration;
			baseConfigurationReference = E3AD4E045760733D872BFA55 /* Pods-BasithMachineTest.release.xcconfig */;
			buildSettings = {
				ASSETCATALOG_COMPILER_APPICON_NAME = AppIcon;
				ASSETCATALOG_COMPILER_GLOBAL_ACCENT_COLOR_NAME = AccentColor;
				CODE_SIGN_STYLE = Automatic;
				CURRENT_PROJECT_VERSION = 1;
				DEVELOPMENT_TEAM = CLAGU8CG96;
				GENERATE_INFOPLIST_FILE = YES;
				INFOPLIST_FILE = BasithMachineTest/Info.plist;
				INFOPLIST_KEY_UIApplicationSupportsIndirectInputEvents = YES;
				INFOPLIST_KEY_UILaunchStoryboardName = LaunchScreen;
				INFOPLIST_KEY_UIMainStoryboardFile = Main;
				INFOPLIST_KEY_UISupportedInterfaceOrientations_iPad = "UIInterfaceOrientationPortrait UIInterfaceOrientationPortraitUpsideDown UIInterfaceOrientationLandscapeLeft UIInterfaceOrientationLandscapeRight";
				INFOPLIST_KEY_UISupportedInterfaceOrientations_iPhone = "UIInterfaceOrientationPortrait UIInterfaceOrientationLandscapeLeft UIInterfaceOrientationLandscapeRight";
				LD_RUNPATH_SEARCH_PATHS = (
					"$(inherited)",
					"@executable_path/Frameworks",
				);
				MARKETING_VERSION = 1.0;
				PRODUCT_BUNDLE_IDENTIFIER = mab.BasithMachineTest;
				PRODUCT_NAME = "$(TARGET_NAME)";
				SWIFT_EMIT_LOC_STRINGS = YES;
				SWIFT_VERSION = 5.0;
				TARGETED_DEVICE_FAMILY = "1,2";
			};
			name = Release;
		};
/* End XCBuildConfiguration section */

/* Begin XCConfigurationList section */
		72288D9228ADF8D200ECBE3C /* Build configuration list for PBXProject "BasithMachineTest" */ = {
			isa = XCConfigurationList;
			buildConfigurations = (
				72288DAC28ADF8D400ECBE3C /* Debug */,
				72288DAD28ADF8D400ECBE3C /* Release */,
			);
			defaultConfigurationIsVisible = 0;
			defaultConfigurationName = Release;
		};
		72288DAE28ADF8D400ECBE3C /* Build configuration list for PBXNativeTarget "BasithMachineTest" */ = {
			isa = XCConfigurationList;
			buildConfigurations = (
				72288DAF28ADF8D400ECBE3C /* Debug */,
				72288DB028ADF8D400ECBE3C /* Release */,
			);
			defaultConfigurationIsVisible = 0;
			defaultConfigurationName = Release;
		};
/* End XCConfigurationList section */

/* Begin XCVersionGroup section */
		72288DA328ADF8D200ECBE3C /* BasithMachineTest.xcdatamodeld */ = {
			isa = XCVersionGroup;
			children = (
				72288DA428ADF8D200ECBE3C /* BasithMachineTest.xcdatamodel */,
			);
			currentVersion = 72288DA428ADF8D200ECBE3C /* BasithMachineTest.xcdatamodel */;
			path = BasithMachineTest.xcdatamodeld;
			sourceTree = "<group>";
			versionGroupType = wrapper.xcdatamodel;
		};
/* End XCVersionGroup section */
	};
	rootObject = 72288D8F28ADF8D200ECBE3C /* Project object */;
}
